
Microsoft Visual Studio Solution File, Format Version 12.00
# Visual Studio Version 16
VisualStudioVersion = 16.0.31424.327
MinimumVisualStudioVersion = 10.0.40219.1
Project("{FAE04EC0-301F-11D3-BF4B-00C04F79EFBC}") = "Segundo_Angular", "Segundo_Angular.csproj", "{694EC21F-CB5C-41E5-91A6-55D66EA76BC0}"
EndProject
Global
	GlobalSection(SolutionConfigurationPlatforms) = preSolution
		Debug|Any CPU = Debug|Any CPU
		Release|Any CPU = Release|Any CPU
	EndGlobalSection
	GlobalSection(ProjectConfigurationPlatforms) = postSolution
		{694EC21F-CB5C-41E5-91A6-55D66EA76BC0}.Debug|Any CPU.ActiveCfg = Debug|Any CPU
		{694EC21F-CB5C-41E5-91A6-55D66EA76BC0}.Debug|Any CPU.Build.0 = Debug|Any CPU
		{694EC21F-CB5C-41E5-91A6-55D66EA76BC0}.Release|Any CPU.ActiveCfg = Release|Any CPU
		{694EC21F-CB5C-41E5-91A6-55D66EA76BC0}.Release|Any CPU.Build.0 = Release|Any CPU
	EndGlobalSection
	GlobalSection(SolutionProperties) = preSolution
		HideSolutionNode = FALSE
	EndGlobalSection
	GlobalSection(ExtensibilityGlobals) = postSolution
		SolutionGuid = {56E766C9-7C84-454E-8EDA-D8634A1102C1}
	EndGlobalSection
EndGlobal
